<?xml version="1.0" encoding="utf-8"?>
<Project ToolsVersion="4.0" xmlns="http://schemas.microsoft.com/developer/msbuild/2003">
  <ItemGroup>
    <Filter Include="Source Files">
      <UniqueIdentifier>{4FC737F1-C7A5-4376-A066-2A32D752A2FF}</UniqueIdentifier>
      <Extensions>cpp;c;cc;cxx;def;odl;idl;hpj;bat;asm;asmx</Extensions>
    </Filter>
    <Filter Include="Header Files">
      <UniqueIdentifier>{93995380-89BD-4b04-88EB-625FBE52EBFB}</UniqueIdentifier>
      <Extensions>h;hh;hpp;hxx;hm;inl;inc;ipp;xsd</Extensions>
    </Filter>
    <Filter Include="Resource Files">
      <UniqueIdentifier>{67DA6AB6-F800-4c08-8B7A-83BB121AAD01}</UniqueIdentifier>
      <Extensions>rc;ico;cur;bmp;dlg;rc2;rct;bin;rgs;gif;jpg;jpeg;jpe;resx;tiff;tif;png;wav;mfcribbon-ms</Extensions>
    </Filter>
  </ItemGroup>
  <ItemGroup>
    <ClCompile Include="src\Source.cpp">
      <Filter>Source Files</Filter>
    </ClCompile>
    <ClCompile Include="src\Vector.cpp">
      <Filter>Source Files</Filter>
    </ClCompile>
    <ClCompile Include="src\Timer.cpp">
      <Filter>Source Files</Filter>
    </ClCompile>
    <ClCompile Include="src\Bubble.cpp">
      <Filter>Source Files</Filter>
    </ClCompile>
    <ClCompile Include="src\Insert.cpp">
      <Filter>Source Files</Filter>
    </ClCompile>
    <ClCompile Include="src\Heap.cpp">
      <Filter>Source Files</Filter>
    </ClCompile>
    <ClCompile Include="src\Binary.cpp">
      <Filter>Source Files</Filter>
    </ClCompile>
    <ClCompile Include="src\Linear.cpp">
      <Filter>Source Files</Filter>
    </ClCompile>
    <ClCompile Include="src\Merge.cpp">
      <Filter>Source Files</Filter>
    </ClCompile>
    <ClCompile Include="src\Quick.cpp">
      <Filter>Source Files</Filter>
    </ClCompile>
    <ClCompile Include="src\Hash.cpp">
      <Filter>Source Files</Filter>
    </ClCompile>
    <ClCompile Include="src\Counting.cpp">
      <Filter>Source Files</Filter>
    </ClCompile>
    <ClCompile Include="src\Radix.cpp">
      <Filter>Source Files</Filter>
    </ClCompile>
    <ClCompile Include="src\Bucket.cpp">
      <Filter>Source Files</Filter>
    </ClCompile>
    <ClCompile Include="src\Vectorf.cpp">
      <Filter>Source Files</Filter>
    </ClCompile>
    <ClCompile Include="src\Radixf.cpp">
      <Filter>Source Files</Filter>
    </ClCompile>
  </ItemGroup>
  <ItemGroup>
    <ClInclude Include="include\Prerequisites.h">
      <Filter>Resource Files</Filter>
    </ClInclude>
    <ClInclude Include="include\Vector.h">
      <Filter>Resource Files</Filter>
    </ClInclude>
    <ClInclude Include="include\Timer.h">
      <Filter>Resource Files</Filter>
    </ClInclude>
    <ClInclude Include="include\Bubble.h">
      <Filter>Resource Files</Filter>
    </ClInclude>
    <ClInclude Include="include\Insert.h">
      <Filter>Resource Files</Filter>
    </ClInclude>
    <ClInclude Include="include\Heap.h">
      <Filter>Resource Files</Filter>
    </ClInclude>
    <ClInclude Include="include\Linear.h">
      <Filter>Resource Files</Filter>
    </ClInclude>
    <ClInclude Include="include\Merge.h">
      <Filter>Resource Files</Filter>
    </ClInclude>
    <ClInclude Include="include\Binary.h">
      <Filter>Resource Files</Filter>
    </ClInclude>
    <ClInclude Include="include\Quick.h">
      <Filter>Resource Files</Filter>
    </ClInclude>
    <ClInclude Include="include\Hash.h">
      <Filter>Resource Files</Filter>
    </ClInclude>
    <ClInclude Include="include\Counting.h">
      <Filter>Resource Files</Filter>
    </ClInclude>
    <ClInclude Include="include\Radix.h">
      <Filter>Resource Files</Filter>
    </ClInclude>
    <ClInclude Include="include\Bucket.h">
      <Filter>Resource Files</Filter>
    </ClInclude>
    <ClInclude Include="include\Vectorf.h">
      <Filter>Resource Files</Filter>
    </ClInclude>
    <ClInclude Include="include\Radixf.h">
      <Filter>Resource Files</Filter>
    </ClInclude>
  </ItemGroup>
</Project>